version = 1
revision = 3
requires-python = ">=3.10"

[[package]]
name = "jiaolongonarch"
version = "0.1.0"
source = { virtual = "." }
dependencies = [
    { name = "textual" },
]

[package.dev-dependencies]
dev = [
    { name = "ruff" },
]

[package.metadata]
requires-dist = [{ name = "textual", specifier = ">=0.80,<7" }]

[package.metadata.requires-dev]
dev = [{ name = "ruff", specifier = "==0.12.11" }]

[[package]]
name = "linkify-it-py"
version = "2.1.0"
source = { registry = "https://pypi.org/simple" }
dependencies = [
    { name = "uc-micro-py" },
]
sdist = { url = "https://files.pythonhosted.org/packages/2e/c9/06ea13676ef354f0af6169587ae292d3e2406e212876a413bf9eece4eb23/linkify_it_py-2.1.0.tar.gz", hash = "sha256:43360231720999c10e9328dc3691160e27a718e280673d444c38d7d3aaa3b98b", size = 29158, upload-time = "2026-03-01T07:48:47.683Z" }
wheels = [
    { url = "https://files.pythonhosted.org/packages/b4/de/88b3be5c31b22333b3ca2f6ff1de4e863d8fe45aaea7485f591970ec1d3e/linkify_it_py-2.1.0-py3-none-any.whl", hash = "sha256:0d252c1594ecba2ecedc444053db5d3a9b7ec1b0dd929c8f1d74dce89f86c05e", size = 19878, upload-time = "2026-03-01T07:48:46.098Z" },
]

[[package]]
name = "markdown-it-py"
version = "4.2.0"
source = { registry = "https://pypi.org/simple" }
dependencies = [
    { name = "mdurl" },
]
sdist = { url = "https://files.pythonhosted.org/packages/06/ff/7841249c247aa650a76b9ee4bbaeae59370dc8bfd2f6c01f3630c35eb134/markdown_it_py-4.2.0.tar.gz", hash = "sha256:04a21681d6fbb623de53f6f364d352309d4094dd4194040a10fd51833e418d49", size = 82454, upload-time = "2026-05-07T12:08:28.36Z" }
wheels = [
    { url = "https://files.pythonhosted.org/packages/b3/81/4da04ced5a082363ecfa159c010d200ecbd959ae410c10c0264a38cac0f5/markdown_it_py-4.2.0-py3-none-any.whl", hash = "sha256:9f7ebbcd14fe59494226453aed97c1070d83f8d24b6fc3a3bcf9a38092641c4a", size = 91687, upload-time = "2026-05-07T12:08:27.182Z" },
]

[package.optional-dependencies]
linkify = [
    { name = "linkify-it-py" },
]

[[package]]
name = "mdit-py-plugins"
version = "0.6.1"
source = { registry = "https://pypi.org/simple" }
dependencies = [
    { name = "markdown-it-py" },
]
sdist = { url = "https://files.pythonhosted.org/packages/59/fc/f8d0863f8862f25602c0404d75568e89fb6b4109804645e5cdfb1be5cf56/mdit_py_plugins-0.6.1.tar.gz", hash = "sha256:a2bca0f039f39dbd35fb74ae1b5f998608c437463371f0ff7f49a19a17a114d0", size = 56114, upload-time = "2026-05-13T09:03:38.91Z" }
wheels = [
    { url = "https://files.pythonhosted.org/packages/a5/69/6da5581c6a7fede7dc261bf4e67d6adca4196f176b43288b55b3db395b6e/mdit_py_plugins-0.6.1-py3-none-any.whl", hash = "sha256:214c82fb2ac524472ab6a5bcab1de80f73b50443e187f401bfd77efbc7c6481d", size = 66663, upload-time = "2026-05-13T09:03:37.76Z" },
]

[[package]]
name = "mdurl"
version = "0.1.2"
source = { registry = "https://pypi.org/simple" }
sdist = { url = "https://files.pythonhosted.org/packages/d6/54/cfe61301667036ec958cb99bd3efefba235e65cdeb9c84d24a8293ba1d90/mdurl-0.1.2.tar.gz", hash = "sha256:bb413d29f5eea38f31dd4754dd7377d4465116fb207585f97bf925588687c1ba", size = 8729, upload-time = "2022-08-14T12:40:10.846Z" }
wheels = [
    { url = "https://files.pythonhosted.org/packages/b3/38/89ba8ad64ae25be8de66a6d463314cf1eb366222074cfda9ee839c56a4b4/mdurl-0.1.2-py3-none-any.whl", hash = "sha256:84008a41e51615a49fc9966191ff91509e3c40b939176e643fd50a5c2196b8f8", size = 9979, upload-time = "2022-08-14T12:40:09.779Z" },
]

[[package]]
name = "platformdirs"
version = "4.11.3"
source = { registry = "https://pypi.org/simple" }
sdist = { url = "https://files.pythonhosted.org/packages/b8/d7/e7bfbc86e9f99ff7807e24de7703f032e9c9ba80bb355cf26e0e9bc5a75e/platformdirs-4.11.3.tar.gz", hash = "sha256:66a73d38a849810252df809a3d8bcbda8e26f6c189920e7535ad608a48dbb5ab", size = 33050, upload-time = "2026-08-13T22:43:27.52Z" }
wheels = [
    { url = "https://files.pythonhosted.org/packages/19/a9/c34aebedd3a4c9afe5101b1b8713710b3fec18087c8a36c35d2f909861bd/platformdirs-4.11.3-py3-none-any.whl", hash = "sha256:5ed065d443751de711da036041a7a214122efc4a4de393b3f4137ba5576540e7", size = 23491, upload-time = "2026-08-13T22:43:26.121Z" },
]

[[package]]
name = "pygments"
version = "2.21.0"
source = { registry = "https://pypi.org/simple" }
sdist = { url = "https://files.pythonhosted.org/packages/49/2e/ced460408999b33da6b31b0021b0f37d329e202d4169aeb164493778f25b/pygments-2.21.0.tar.gz", hash = "sha256:610ca751c9bc2492b38eb9a38a7fbc93edbbb2d7182edaf34e66ae493dee5c8c", size = 5005329, upload-time = "2026-08-17T08:02:48.824Z" }
wheels = [
    { url = "https://files.pythonhosted.org/packages/71/46/17f022dd3e953bf20a04a028a21ec746d942f8d2af30fa0f124fa0e6a684/pygments-2.21.0-py3-none-any.whl", hash = "sha256:2363c69b61c4a97c838da3b130dcd6468f4848992b21a82f2a63ec34377137d9", size = 1250147, upload-time = "2026-08-17T08:02:44.912Z" },
]

[[package]]
name = "rich"
version = "15.0.0"
source = { registry = "https://pypi.org/simple" }
dependencies = [
    { name = "markdown-it-py" },
    { name = "pygments" },
]
sdist = { url = "https://files.pythonhosted.org/packages/c0/8f/0722ca900cc807c13a6a0c696dacf35430f72e0ec571c4275d2371fca3e9/rich-15.0.0.tar.gz", hash = "sha256:edd07a4824c6b40189fb7ac9bc4c52536e9780fbbfbddf6f1e2502c31b068c36", size = 230680, upload-time = "2026-04-12T08:24:00.75Z" }
wheels = [
    { url = "https://files.pythonhosted.org/packages/82/3b/64d4899d73f91ba49a8c18a8ff3f0ea8f1c1d75481760df8c68ef5235bf5/rich-15.0.0-py3-none-any.whl", hash = "sha256:33bd4ef74232fb73fe9279a257718407f169c09b78a87ad3d296f548e27de0bb", size = 310654, upload-time = "2026-04-12T08:24:02.83Z" },
]

[[package]]
name = "ruff"
version = "0.12.11"
source = { registry = "https://pypi.org/simple" }
sdist = { url = "https://files.pythonhosted.org/packages/de/55/16ab6a7d88d93001e1ae4c34cbdcfb376652d761799459ff27c1dc20f6fa/ruff-0.12.11.tar.gz", hash = "sha256:c6b09ae8426a65bbee5425b9d0b82796dbb07cb1af045743c79bfb163001165d", size = 5347103, upload-time = "2025-08-28T13:59:08.87Z" }
wheels = [
    { url = "https://files.pythonhosted.org/packages/d6/a2/3b3573e474de39a7a475f3fbaf36a25600bfeb238e1a90392799163b64a0/ruff-0.12.11-py3-none-linux_armv6l.whl", hash = "sha256:93fce71e1cac3a8bf9200e63a38ac5c078f3b6baebffb74ba5274fb2ab276065", size = 11979885, upload-time = "2025-08-28T13:58:26.654Z" },
    { url = "https://files.pythonhosted.org/packages/76/e4/235ad6d1785a2012d3ded2350fd9bc5c5af8c6f56820e696b0118dfe7d24/ruff-0.12.11-py3-none-macosx_10_12_x86_64.whl", hash = "sha256:b8e33ac7b28c772440afa80cebb972ffd823621ded90404f29e5ab6d1e2d4b93", size = 12742364, upload-time = "2025-08-28T13:58:30.256Z" },
    { url = "https://files.pythonhosted.org/packages/2c/0d/15b72c5fe6b1e402a543aa9d8960e0a7e19dfb079f5b0b424db48b7febab/ruff-0.12.11-py3-none-macosx_11_0_arm64.whl", hash = "sha256:d69fb9d4937aa19adb2e9f058bc4fbfe986c2040acb1a4a9747734834eaa0bfd", size = 11920111, upload-time = "2025-08-28T13:58:33.677Z" },
    { url = "https://files.pythonhosted.org/packages/3e/c0/f66339d7893798ad3e17fa5a1e587d6fd9806f7c1c062b63f8b09dda6702/ruff-0.12.11-py3-none-manylinux_2_17_aarch64.manylinux2014_aarch64.whl", hash = "sha256:411954eca8464595077a93e580e2918d0a01a19317af0a72132283e28ae21bee", size = 12160060, upload-time = "2025-08-28T13:58:35.74Z" },
    { url = "https://files.pythonhosted.org/packages/03/69/9870368326db26f20c946205fb2d0008988aea552dbaec35fbacbb46efaa/ruff-0.12.11-py3-none-manylinux_2_17_armv7l.manylinux2014_armv7l.whl", hash = "sha256:6a2c0a2e1a450f387bf2c6237c727dd22191ae8c00e448e0672d624b2bbd7fb0", size = 11799848, upload-time = "2025-08-28T13:58:38.051Z" },
    { url = "https://files.pythonhosted.org/packages/25/8c/dd2c7f990e9b3a8a55eee09d4e675027d31727ce33cdb29eab32d025bdc9/ruff-0.12.11-py3-none-manylinux_2_17_i686.manylinux2014_i686.whl", hash = "sha256:8ca4c3a7f937725fd2413c0e884b5248a19369ab9bdd850b5781348ba283f644", size = 13536288, upload-time = "2025-08-28T13:58:40.046Z" },
    { url = "https://files.pythonhosted.org/packages/7a/30/d5496fa09aba59b5e01ea76775a4c8897b13055884f56f1c35a4194c2297/ruff-0.12.11-py3-none-manylinux_2_17_ppc64.manylinux2014_ppc64.whl", hash = "sha256:4d1df0098124006f6a66ecf3581a7f7e754c4df7644b2e6704cd7ca80ff95211", size = 14490633, upload-time = "2025-08-28T13:58:42.285Z" },
    { url = "https://files.pythonhosted.org/packages/9b/2f/81f998180ad53445d403c386549d6946d0748e536d58fce5b5e173511183/ruff-0.12.11-py3-none-manylinux_2_17_ppc64le.manylinux2014_ppc64le.whl", hash = "sha256:5a8dd5f230efc99a24ace3b77e3555d3fbc0343aeed3fc84c8d89e75ab2ff793", size = 13888430, upload-time = "2025-08-28T13:58:44.641Z" },
    { url = "https://files.pythonhosted.org/packages/87/71/23a0d1d5892a377478c61dbbcffe82a3476b050f38b5162171942a029ef3/ruff-0.12.11-py3-none-manylinux_2_17_s390x.manylinux2014_s390x.whl", hash = "sha256:4dc75533039d0ed04cd33fb8ca9ac9620b99672fe7ff1533b6402206901c34ee", size = 12913133, upload-time = "2025-08-28T13:58:47.039Z" },
    { url = "https://files.pythonhosted.org/packages/80/22/3c6cef96627f89b344c933781ed38329bfb87737aa438f15da95907cbfd5/ruff-0.12.11-py3-none-manylinux_2_17_x86_64.manylinux2014_x86_64.whl", hash = "sha256:4fc58f9266d62c6eccc75261a665f26b4ef64840887fc6cbc552ce5b29f96cc8", size = 13169082, upload-time = "2025-08-28T13:58:49.157Z" },
    { url = "https://files.pythonhosted.org/packages/05/b5/68b3ff96160d8b49e8dd10785ff3186be18fd650d356036a3770386e6c7f/ruff-0.12.11-py3-none-manylinux_2_31_riscv64.whl", hash = "sha256:5a0113bd6eafd545146440225fe60b4e9489f59eb5f5f107acd715ba5f0b3d2f", size = 13139490, upload-time = "2025-08-28T13:58:51.593Z" },
    { url = "https://files.pythonhosted.org/packages/59/b9/050a3278ecd558f74f7ee016fbdf10591d50119df8d5f5da45a22c6afafc/ruff-0.12.11-py3-none-musllinux_1_2_aarch64.whl", hash = "sha256:0d737b4059d66295c3ea5720e6efc152623bb83fde5444209b69cd33a53e2000", size = 11958928, upload-time = "2025-08-28T13:58:53.943Z" },
    { url = "https://files.pythonhosted.org/packages/f9/bc/93be37347db854806904a43b0493af8d6873472dfb4b4b8cbb27786eb651/ruff-0.12.11-py3-none-musllinux_1_2_armv7l.whl", hash = "sha256:916fc5defee32dbc1fc1650b576a8fed68f5e8256e2180d4d9855aea43d6aab2", size = 11764513, upload-time = "2025-08-28T13:58:55.976Z" },
    { url = "https://files.pythonhosted.org/packages/7a/a1/1471751e2015a81fd8e166cd311456c11df74c7e8769d4aabfbc7584c7ac/ruff-0.12.11-py3-none-musllinux_1_2_i686.whl", hash = "sha256:c984f07d7adb42d3ded5be894fb4007f30f82c87559438b4879fe7aa08c62b39", size = 12745154, upload-time = "2025-08-28T13:58:58.16Z" },
    { url = "https://files.pythonhosted.org/packages/68/ab/2542b14890d0f4872dd81b7b2a6aed3ac1786fae1ce9b17e11e6df9e31e3/ruff-0.12.11-py3-none-musllinux_1_2_x86_64.whl", hash = "sha256:e07fbb89f2e9249f219d88331c833860489b49cdf4b032b8e4432e9b13e8a4b9", size = 13227653, upload-time = "2025-08-28T13:59:00.276Z" },
    { url = "https://files.pythonhosted.org/packages/22/16/2fbfc61047dbfd009c58a28369a693a1484ad15441723be1cd7fe69bb679/ruff-0.12.11-py3-none-win32.whl", hash = "sha256:c792e8f597c9c756e9bcd4d87cf407a00b60af77078c96f7b6366ea2ce9ba9d3", size = 11944270, upload-time = "2025-08-28T13:59:02.347Z" },
    { url = "https://files.pythonhosted.org/packages/08/a5/34276984705bfe069cd383101c45077ee029c3fe3b28225bf67aa35f0647/ruff-0.12.11-py3-none-win_amd64.whl", hash = "sha256:a3283325960307915b6deb3576b96919ee89432ebd9c48771ca12ee8afe4a0fd", size = 13046600, upload-time = "2025-08-28T13:59:04.751Z" },
    { url = "https://files.pythonhosted.org/packages/84/a8/001d4a7c2b37623a3fd7463208267fb906df40ff31db496157549cfd6e72/ruff-0.12.11-py3-none-win_arm64.whl", hash = "sha256:bae4d6e6a2676f8fb0f98b74594a048bae1b944aab17e9f5d504062303c6dbea", size = 12135290, upload-time = "2025-08-28T13:59:06.933Z" },
]

[[package]]
name = "textual"
version = "6.12.0"
source = { registry = "https://pypi.org/simple" }
dependencies = [
    { name = "markdown-it-py", extra = ["linkify"] },
    { name = "mdit-py-plugins" },
    { name = "platformdirs" },
    { name = "pygments" },
    { name = "rich" },
    { name = "typing-extensions" },
]
sdist = { url = "https://files.pythonhosted.org/packages/39/55/29416ef63de4c37b37da217b94439a28496a4dc585209f5bf1437a61d120/textual-6.12.0.tar.gz", hash = "sha256:a32e8edbf6abdb0c42d486e96bdf419eb3aa378edb1b1271b84637f3dbd64c73", size = 1584182, upload-time = "2026-01-02T09:42:30.415Z" }
wheels = [
    { url = "https://files.pythonhosted.org/packages/13/f8/2a6a6ff1d07788f635493867d5a4003dfecacad16af1fdc9814d10daca3d/textual-6.12.0-py3-none-any.whl", hash = "sha256:cf9ea9a54d213c7736efe9fef440c7f49218d4e6ab75279afd060eded9c567ec", size = 714912, upload-time = "2026-01-02T09:42:28.786Z" },
]

[[package]]
name = "typing-extensions"
version = "4.16.0"
source = { registry = "https://pypi.org/simple" }
sdist = { url = "https://files.pythonhosted.org/packages/f6/cc/6253133b5bb138fc3306cebfbda2c520f545d36b5be2c7255cc528bb45d6/typing_extensions-4.16.0.tar.gz", hash = "sha256:dc983d19a509c94dba722ee6abd33940f7c05a89e243c47e907eb4db6f1a43e5", size = 113555, upload-time = "2026-07-02T08:40:05.92Z" }
wheels = [
    { url = "https://files.pythonhosted.org/packages/49/d3/b8441a820a491ddfc024b0b0cf0393375b75ea13866d9c66727e54c2fc80/typing_extensions-4.16.0-py3-none-any.whl", hash = "sha256:481caa481374e813c1b176ada14e97f1f67a4539ce9cfeb3f350d78d6370c2e8", size = 45571, upload-time = "2026-07-02T08:40:04.659Z" },
]

[[package]]
name = "uc-micro-py"
version = "2.0.0"
source = { registry = "https://pypi.org/simple" }
sdist = { url = "https://files.pythonhosted.org/packages/78/67/9a363818028526e2d4579334460df777115bdec1bb77c08f9db88f6389f2/uc_micro_py-2.0.0.tar.gz", hash = "sha256:c53691e495c8db60e16ffc4861a35469b0ba0821fe409a8a7a0a71864d33a811", size = 6611, upload-time = "2026-03-01T06:31:27.526Z" }
wheels = [
    { url = "https://files.pythonhosted.org/packages/61/73/d21edf5b204d1467e06500080a50f79d49ef2b997c79123a536d4a17d97c/uc_micro_py-2.0.0-py3-none-any.whl", hash = "sha256:3603a3859af53e5a39bc7677713c78ea6589ff188d70f4fee165db88e22b242c", size = 6383, upload-time = "2026-03-01T06:31:26.257Z" },
]
